// !$*UTF8*$!
{
	archiveVersion = 1;
	classes = {
	};
	objectVersion = 56;
	objects = {

/* Begin PBXBuildFile section */
		AE5450A62C44093000823F5E /* PC_Component_SelectorApp.swift in Sources */ = {isa = PBXBuildFile; fileRef = AE5450A52C44093000823F5E /* PC_Component_SelectorApp.swift */; };
		AE5450A82C44093000823F5E /* EntryView.swift in Sources */ = {isa = PBXBuildFile; fileRef = AE5450A72C44093000823F5E /* EntryView.swift */; };
		AE5450AA2C44093200823F5E /* Assets.xcassets in Resources */ = {isa = PBXBuildFile; fileRef = AE5450A92C44093200823F5E /* Assets.xcassets */; };
		AE5450AD2C44093200823F5E /* Preview Assets.xcassets in Resources */ = {isa = PBXBuildFile; fileRef = AE5450AC2C44093200823F5E /* Preview Assets.xcassets */; };
		AE5450B42C440AC100823F5E /* Model.swift in Sources */ = {isa = PBXBuildFile; fileRef = AE5450B32C440AC100823F5E /* Model.swift */; };
		AE5450B62C44110800823F5E /* ChosenComponentView.swift in Sources */ = {isa = PBXBuildFile; fileRef = AE5450B52C44110800823F5E /* ChosenComponentView.swift */; };
		AE5450B82C4411AD00823F5E /* ComponentSelectionView.swift in Sources */ = {isa = PBXBuildFile; fileRef = AE5450B72C4411AD00823F5E /* ComponentSelectionView.swift */; };
		AE5450BA2C44127A00823F5E /* RAMSelectionView.swift in Sources */ = {isa = PBXBuildFile; fileRef = AE5450B92C44127A00823F5E /* RAMSelectionView.swift */; };
		AE5450BC2C44159B00823F5E /* ComponentCardView.swift in Sources */ = {isa = PBXBuildFile; fileRef = AE5450BB2C44159B00823F5E /* ComponentCardView.swift */; };
		AE5450BE2C44187400823F5E /* RAMDetailView.swift in Sources */ = {isa = PBXBuildFile; fileRef = AE5450BD2C44187400823F5E /* RAMDetailView.swift */; };
		AE5450C02C44241600823F5E /* ConditionalLinkView.swift in Sources */ = {isa = PBXBuildFile; fileRef = AE5450BF2C44241600823F5E /* ConditionalLinkView.swift */; };
		AE5450C22C4424CE00823F5E /* ComponentPhotoView.swift in Sources */ = {isa = PBXBuildFile; fileRef = AE5450C12C4424CE00823F5E /* ComponentPhotoView.swift */; };
		AE5450C42C44280100823F5E /* MotherboardSelectionView.swift in Sources */ = {isa = PBXBuildFile; fileRef = AE5450C32C44280100823F5E /* MotherboardSelectionView.swift */; };
		AE5450C62C44284000823F5E /* MotherboardDetailView.swift in Sources */ = {isa = PBXBuildFile; fileRef = AE5450C52C44284000823F5E /* MotherboardDetailView.swift */; };
		AE5450C82C444AAE00823F5E /* MockData.swift in Sources */ = {isa = PBXBuildFile; fileRef = AE5450C72C444AAE00823F5E /* MockData.swift */; };
		AE5450D52C44609200823F5E /* CPUSelectionView.swift in Sources */ = {isa = PBXBuildFile; fileRef = AE5450D42C44609200823F5E /* CPUSelectionView.swift */; };
		AE5450D72C44626E00823F5E /* CPUDetailView.swift in Sources */ = {isa = PBXBuildFile; fileRef = AE5450D62C44626E00823F5E /* CPUDetailView.swift */; };
		AE5450D92C446C3800823F5E /* GPUSelectionView.swift in Sources */ = {isa = PBXBuildFile; fileRef = AE5450D82C446C3800823F5E /* GPUSelectionView.swift */; };
		AE5450DB2C446C4300823F5E /* GPUDetailView.swift in Sources */ = {isa = PBXBuildFile; fileRef = AE5450DA2C446C4300823F5E /* GPUDetailView.swift */; };
		AE5450DD2C469F3700823F5E /* ConditionalComponentSpecification.swift in Sources */ = {isa = PBXBuildFile; fileRef = AE5450DC2C469F3700823F5E /* ConditionalComponentSpecification.swift */; };
/* End PBXBuildFile section */

/* Begin PBXFileReference section */
		AE5450A22C44093000823F5E /* PC Component Selector.app */ = {isa = PBXFileReference; explicitFileType = wrapper.application; includeInIndex = 0; path = "PC Component Selector.app"; sourceTree = BUILT_PRODUCTS_DIR; };
		AE5450A52C44093000823F5E /* PC_Component_SelectorApp.swift */ = {isa = PBXFileReference; lastKnownFileType = sourcecode.swift; path = PC_Component_SelectorApp.swift; sourceTree = "<group>"; };
		AE5450A72C44093000823F5E /* EntryView.swift */ = {isa = PBXFileReference; lastKnownFileType = sourcecode.swift; path = EntryView.swift; sourceTree = "<group>"; };
		AE5450A92C44093200823F5E /* Assets.xcassets */ = {isa = PBXFileReference; lastKnownFileType = folder.assetcatalog; path = Assets.xcassets; sourceTree = "<group>"; };
		AE5450AC2C44093200823F5E /* Preview Assets.xcassets */ = {isa = PBXFileReference; lastKnownFileType = folder.assetcatalog; path = "Preview Assets.xcassets"; sourceTree = "<group>"; };
		AE5450B32C440AC100823F5E /* Model.swift */ = {isa = PBXFileReference; lastKnownFileType = sourcecode.swift; path = Model.swift; sourceTree = "<group>"; };
		AE5450B52C44110800823F5E /* ChosenComponentView.swift */ = {isa = PBXFileReference; lastKnownFileType = sourcecode.swift; path = ChosenComponentView.swift; sourceTree = "<group>"; };
		AE5450B72C4411AD00823F5E /* ComponentSelectionView.swift */ = {isa = PBXFileReference; lastKnownFileType = sourcecode.swift; path = ComponentSelectionView.swift; sourceTree = "<group>"; };
		AE5450B92C44127A00823F5E /* RAMSelectionView.swift */ = {isa = PBXFileReference; lastKnownFileType = sourcecode.swift; path = RAMSelectionView.swift; sourceTree = "<group>"; };
		AE5450BB2C44159B00823F5E /* ComponentCardView.swift */ = {isa = PBXFileReference; lastKnownFileType = sourcecode.swift; path = ComponentCardView.swift; sourceTree = "<group>"; };
		AE5450BD2C44187400823F5E /* RAMDetailView.swift */ = {isa = PBXFileReference; lastKnownFileType = sourcecode.swift; path = RAMDetailView.swift; sourceTree = "<group>"; };
		AE5450BF2C44241600823F5E /* ConditionalLinkView.swift */ = {isa = PBXFileReference; lastKnownFileType = sourcecode.swift; path = ConditionalLinkView.swift; sourceTree = "<group>"; };
		AE5450C12C4424CE00823F5E /* ComponentPhotoView.swift */ = {isa = PBXFileReference; lastKnownFileType = sourcecode.swift; path = ComponentPhotoView.swift; sourceTree = "<group>"; };
		AE5450C32C44280100823F5E /* MotherboardSelectionView.swift */ = {isa = PBXFileReference; lastKnownFileType = sourcecode.swift; path = MotherboardSelectionView.swift; sourceTree = "<group>"; };
		AE5450C52C44284000823F5E /* MotherboardDetailView.swift */ = {isa = PBXFileReference; lastKnownFileType = sourcecode.swift; path = MotherboardDetailView.swift; sourceTree = "<group>"; };
		AE5450C72C444AAE00823F5E /* MockData.swift */ = {isa = PBXFileReference; lastKnownFileType = sourcecode.swift; path = MockData.swift; sourceTree = "<group>"; };
		AE5450C92C444F7D00823F5E /* PC-Component-Selector-Info.plist */ = {isa = PBXFileReference; lastKnownFileType = text.plist; path = "PC-Component-Selector-Info.plist"; sourceTree = SOURCE_ROOT; };
		AE5450D42C44609200823F5E /* CPUSelectionView.swift */ = {isa = PBXFileReference; lastKnownFileType = sourcecode.swift; path = CPUSelectionView.swift; sourceTree = "<group>"; };
		AE5450D62C44626E00823F5E /* CPUDetailView.swift */ = {isa = PBXFileReference; lastKnownFileType = sourcecode.swift; path = CPUDetailView.swift; sourceTree = "<group>"; };
		AE5450D82C446C3800823F5E /* GPUSelectionView.swift */ = {isa = PBXFileReference; lastKnownFileType = sourcecode.swift; path = GPUSelectionView.swift; sourceTree = "<group>"; };
		AE5450DA2C446C4300823F5E /* GPUDetailView.swift */ = {isa = PBXFileReference; lastKnownFileType = sourcecode.swift; path = GPUDetailView.swift; sourceTree = "<group>"; };
		AE5450DC2C469F3700823F5E /* ConditionalComponentSpecification.swift */ = {isa = PBXFileReference; lastKnownFileType = sourcecode.swift; path = ConditionalComponentSpecification.swift; sourceTree = "<group>"; };
/* End PBXFileReference section */

/* Begin PBXFrameworksBuildPhase section */
		AE54509F2C44093000823F5E /* Frameworks */ = {
			isa = PBXFrameworksBuildPhase;
			buildActionMask = 2147483647;
			files = (
			);
			runOnlyForDeploymentPostprocessing = 0;
		};
/* End PBXFrameworksBuildPhase section */

/* Begin PBXGroup section */
		AE5450992C44093000823F5E = {
			isa = PBXGroup;
			children = (
				AE5450A42C44093000823F5E /* PC Component Selector */,
				AE5450A32C44093000823F5E /* Products */,
			);
			sourceTree = "<group>";
		};
		AE5450A32C44093000823F5E /* Products */ = {
			isa = PBXGroup;
			children = (
				AE5450A22C44093000823F5E /* PC Component Selector.app */,
			);
			name = Products;
			sourceTree = "<group>";
		};
		AE5450A42C44093000823F5E /* PC Component Selector */ = {
			isa = PBXGroup;
			children = (
				AE5450D32C445F4E00823F5E /* Utilities */,
				AE5450D22C445F4800823F5E /* Managers */,
				AE5450D12C445F4100823F5E /* Extensions */,
				AE5450AB2C44093200823F5E /* Preview Content */,
				AE5450CD2C445E9B00823F5E /* Model */,
				AE5450CA2C445E5E00823F5E /* Views */,
				AE5450C92C444F7D00823F5E /* PC-Component-Selector-Info.plist */,
				AE5450A52C44093000823F5E /* PC_Component_SelectorApp.swift */,
				AE5450A92C44093200823F5E /* Assets.xcassets */,
			);
			path = "PC Component Selector";
			sourceTree = "<group>";
		};
		AE5450AB2C44093200823F5E /* Preview Content */ = {
			isa = PBXGroup;
			children = (
				AE5450AC2C44093200823F5E /* Preview Assets.xcassets */,
			);
			path = "Preview Content";
			sourceTree = "<group>";
		};
		AE5450CA2C445E5E00823F5E /* Views */ = {
			isa = PBXGroup;
			children = (
				AE5450D02C445F2500823F5E /* Tab Views */,
				AE5450CF2C445ECA00823F5E /* Selection Views */,
				AE5450CC2C445E7300823F5E /* Extracted Views */,
				AE5450CB2C445E6700823F5E /* Detail Views */,
				AE5450A72C44093000823F5E /* EntryView.swift */,
			);
			path = Views;
			sourceTree = "<group>";
		};
		AE5450CB2C445E6700823F5E /* Detail Views */ = {
			isa = PBXGroup;
			children = (
				AE5450C52C44284000823F5E /* MotherboardDetailView.swift */,
				AE5450BD2C44187400823F5E /* RAMDetailView.swift */,
				AE5450D62C44626E00823F5E /* CPUDetailView.swift */,
				AE5450DA2C446C4300823F5E /* GPUDetailView.swift */,
			);
			path = "Detail Views";
			sourceTree = "<group>";
		};
		AE5450CC2C445E7300823F5E /* Extracted Views */ = {
			isa = PBXGroup;
			children = (
				AE5450C12C4424CE00823F5E /* ComponentPhotoView.swift */,
				AE5450BF2C44241600823F5E /* ConditionalLinkView.swift */,
				AE5450BB2C44159B00823F5E /* ComponentCardView.swift */,
				AE5450DC2C469F3700823F5E /* ConditionalComponentSpecification.swift */,
			);
			path = "Extracted Views";
			sourceTree = "<group>";
		};
		AE5450CD2C445E9B00823F5E /* Model */ = {
			isa = PBXGroup;
			children = (
				AE5450B32C440AC100823F5E /* Model.swift */,
				AE5450CE2C445EA000823F5E /* Mock Data */,
			);
			path = Model;
			sourceTree = "<group>";
		};
		AE5450CE2C445EA000823F5E /* Mock Data */ = {
			isa = PBXGroup;
			children = (
				AE5450C72C444AAE00823F5E /* MockData.swift */,
			);
			path = "Mock Data";
			sourceTree = "<group>";
		};
		AE5450CF2C445ECA00823F5E /* Selection Views */ = {
			isa = PBXGroup;
			children = (
				AE5450B92C44127A00823F5E /* RAMSelectionView.swift */,
				AE5450C32C44280100823F5E /* MotherboardSelectionView.swift */,
				AE5450D42C44609200823F5E /* CPUSelectionView.swift */,
				AE5450D82C446C3800823F5E /* GPUSelectionView.swift */,
			);
			path = "Selection Views";
			sourceTree = "<group>";
		};
		AE5450D02C445F2500823F5E /* Tab Views */ = {
			isa = PBXGroup;
			children = (
				AE5450B52C44110800823F5E /* ChosenComponentView.swift */,
				AE5450B72C4411AD00823F5E /* ComponentSelectionView.swift */,
			);
			path = "Tab Views";
			sourceTree = "<group>";
		};
		AE5450D12C445F4100823F5E /* Extensions */ = {
			isa = PBXGroup;
			children = (
			);
			path = Extensions;
			sourceTree = "<group>";
		};
		AE5450D22C445F4800823F5E /* Managers */ = {
			isa = PBXGroup;
			children = (
			);
			path = Managers;
			sourceTree = "<group>";
		};
		AE5450D32C445F4E00823F5E /* Utilities */ = {
			isa = PBXGroup;
			children = (
			);
			path = Utilities;
			sourceTree = "<group>";
		};
/* End PBXGroup section */

/* Begin PBXNativeTarget section */
		AE5450A12C44093000823F5E /* PC Component Selector */ = {
			isa = PBXNativeTarget;
			buildConfigurationList = AE5450B02C44093200823F5E /* Build configuration list for PBXNativeTarget "PC Component Selector" */;
			buildPhases = (
				AE54509E2C44093000823F5E /* Sources */,
				AE54509F2C44093000823F5E /* Frameworks */,
				AE5450A02C44093000823F5E /* Resources */,
			);
			buildRules = (
			);
			dependencies = (
			);
			name = "PC Component Selector";
			productName = "PC Component Selector";
			productReference = AE5450A22C44093000823F5E /* PC Component Selector.app */;
			productType = "com.apple.product-type.application";
		};
/* End PBXNativeTarget section */

/* Begin PBXProject section */
		AE54509A2C44093000823F5E /* Project object */ = {
			isa = PBXProject;
			attributes = {
				BuildIndependentTargetsInParallel = 1;
				LastSwiftUpdateCheck = 1540;
				LastUpgradeCheck = 1540;
				TargetAttributes = {
					AE5450A12C44093000823F5E = {
						CreatedOnToolsVersion = 15.4;
					};
				};
			};
			buildConfigurationList = AE54509D2C44093000823F5E /* Build configuration list for PBXProject "PC Component Selector" */;
			compatibilityVersion = "Xcode 14.0";
			developmentRegion = en;
			hasScannedForEncodings = 0;
			knownRegions = (
				en,
				Base,
			);
			mainGroup = AE5450992C44093000823F5E;
			productRefGroup = AE5450A32C44093000823F5E /* Products */;
			projectDirPath = "";
			projectRoot = "";
			targets = (
				AE5450A12C44093000823F5E /* PC Component Selector */,
			);
		};
/* End PBXProject section */

/* Begin PBXResourcesBuildPhase section */
		AE5450A02C44093000823F5E /* Resources */ = {
			isa = PBXResourcesBuildPhase;
			buildActionMask = 2147483647;
			files = (
				AE5450AD2C44093200823F5E /* Preview Assets.xcassets in Resources */,
				AE5450AA2C44093200823F5E /* Assets.xcassets in Resources */,
			);
			runOnlyForDeploymentPostprocessing = 0;
		};
/* End PBXResourcesBuildPhase section */

/* Begin PBXSourcesBuildPhase section */
		AE54509E2C44093000823F5E /* Sources */ = {
			isa = PBXSourcesBuildPhase;
			buildActionMask = 2147483647;
			files = (
				AE5450DD2C469F3700823F5E /* ConditionalComponentSpecification.swift in Sources */,
				AE5450B42C440AC100823F5E /* Model.swift in Sources */,
				AE5450A82C44093000823F5E /* EntryView.swift in Sources */,
				AE5450BA2C44127A00823F5E /* RAMSelectionView.swift in Sources */,
				AE5450DB2C446C4300823F5E /* GPUDetailView.swift in Sources */,
				AE5450C82C444AAE00823F5E /* MockData.swift in Sources */,
				AE5450C62C44284000823F5E /* MotherboardDetailView.swift in Sources */,
				AE5450C42C44280100823F5E /* MotherboardSelectionView.swift in Sources */,
				AE5450D52C44609200823F5E /* CPUSelectionView.swift in Sources */,
				AE5450C02C44241600823F5E /* ConditionalLinkView.swift in Sources */,
				AE5450B82C4411AD00823F5E /* ComponentSelectionView.swift in Sources */,
				AE5450D72C44626E00823F5E /* CPUDetailView.swift in Sources */,
				AE5450BE2C44187400823F5E /* RAMDetailView.swift in Sources */,
				AE5450BC2C44159B00823F5E /* ComponentCardView.swift in Sources */,
				AE5450B62C44110800823F5E /* ChosenComponentView.swift in Sources */,
				AE5450C22C4424CE00823F5E /* ComponentPhotoView.swift in Sources */,
				AE5450D92C446C3800823F5E /* GPUSelectionView.swift in Sources */,
				AE5450A62C44093000823F5E /* PC_Component_SelectorApp.swift in Sources */,
			);
			runOnlyForDeploymentPostprocessing = 0;
		};
/* End PBXSourcesBuildPhase section */

/* Begin XCBuildConfiguration section */
		AE5450AE2C44093200823F5E /* Debug */ = {
			isa = XCBuildConfiguration;
			buildSettings = {
				ALWAYS_SEARCH_USER_PATHS = NO;
				ASSETCATALOG_COMPILER_GENERATE_SWIFT_ASSET_SYMBOL_EXTENSIONS = YES;
				CLANG_ANALYZER_NONNULL = YES;
				CLANG_ANALYZER_NUMBER_OBJECT_CONVERSION = YES_AGGRESSIVE;
				CLANG_CXX_LANGUAGE_STANDARD = "gnu++20";
				CLANG_ENABLE_MODULES = YES;
				CLANG_ENABLE_OBJC_ARC = YES;
				CLANG_ENABLE_OBJC_WEAK = YES;
				CLANG_WARN_BLOCK_CAPTURE_AUTORELEASING = YES;
				CLANG_WARN_BOOL_CONVERSION = YES;
				CLANG_WARN_COMMA = YES;
				CLANG_WARN_CONSTANT_CONVERSION = YES;
				CLANG_WARN_DEPRECATED_OBJC_IMPLEMENTATIONS = YES;
				CLANG_WARN_DIRECT_OBJC_ISA_USAGE = YES_ERROR;
				CLANG_WARN_DOCUMENTATION_COMMENTS = YES;
				CLANG_WARN_EMPTY_BODY = YES;
				CLANG_WARN_ENUM_CONVERSION = YES;
				CLANG_WARN_INFINITE_RECURSION = YES;
				CLANG_WARN_INT_CONVERSION = YES;
				CLANG_WARN_NON_LITERAL_NULL_CONVERSION = YES;
				CLANG_WARN_OBJC_IMPLICIT_RETAIN_SELF = YES;
				CLANG_WARN_OBJC_LITERAL_CONVERSION = YES;
				CLANG_WARN_OBJC_ROOT_CLASS = YES_ERROR;
				CLANG_WARN_QUOTED_INCLUDE_IN_FRAMEWORK_HEADER = YES;
				CLANG_WARN_RANGE_LOOP_ANALYSIS = YES;
				CLANG_WARN_STRICT_PROTOTYPES = YES;
				CLANG_WARN_SUSPICIOUS_MOVE = YES;
				CLANG_WARN_UNGUARDED_AVAILABILITY = YES_AGGRESSIVE;
				CLANG_WARN_UNREACHABLE_CODE = YES;
				CLANG_WARN__DUPLICATE_METHOD_MATCH = YES;
				COPY_PHASE_STRIP = NO;
				DEBUG_INFORMATION_FORMAT = dwarf;
				ENABLE_STRICT_OBJC_MSGSEND = YES;
				ENABLE_TESTABILITY = YES;
				ENABLE_USER_SCRIPT_SANDBOXING = YES;
				GCC_C_LANGUAGE_STANDARD = gnu17;
				GCC_DYNAMIC_NO_PIC = NO;
				GCC_NO_COMMON_BLOCKS = YES;
				GCC_OPTIMIZATION_LEVEL = 0;
				GCC_PREPROCESSOR_DEFINITIONS = (
					"DEBUG=1",
					"$(inherited)",
				);
				GCC_WARN_64_TO_32_BIT_CONVERSION = YES;
				GCC_WARN_ABOUT_RETURN_TYPE = YES_ERROR;
				GCC_WARN_UNDECLARED_SELECTOR = YES;
				GCC_WARN_UNINITIALIZED_AUTOS = YES_AGGRESSIVE;
				GCC_WARN_UNUSED_FUNCTION = YES;
				GCC_WARN_UNUSED_VARIABLE = YES;
				IPHONEOS_DEPLOYMENT_TARGET = 17.5;
				LOCALIZATION_PREFERS_STRING_CATALOGS = YES;
				MTL_ENABLE_DEBUG_INFO = INCLUDE_SOURCE;
				MTL_FAST_MATH = YES;
				ONLY_ACTIVE_ARCH = YES;
				SDKROOT = iphoneos;
				SWIFT_ACTIVE_COMPILATION_CONDITIONS = "DEBUG $(inherited)";
				SWIFT_OPTIMIZATION_LEVEL = "-Onone";
			};
			name = Debug;
		};
		AE5450AF2C44093200823F5E /* Release */ = {
			isa = XCBuildConfiguration;
			buildSettings = {
				ALWAYS_SEARCH_USER_PATHS = NO;
				ASSETCATALOG_COMPILER_GENERATE_SWIFT_ASSET_SYMBOL_EXTENSIONS = YES;
				CLANG_ANALYZER_NONNULL = YES;
				CLANG_ANALYZER_NUMBER_OBJECT_CONVERSION = YES_AGGRESSIVE;
				CLANG_CXX_LANGUAGE_STANDARD = "gnu++20";
				CLANG_ENABLE_MODULES = YES;
				CLANG_ENABLE_OBJC_ARC = YES;
				CLANG_ENABLE_OBJC_WEAK = YES;
				CLANG_WARN_BLOCK_CAPTURE_AUTORELEASING = YES;
				CLANG_WARN_BOOL_CONVERSION = YES;
				CLANG_WARN_COMMA = YES;
				CLANG_WARN_CONSTANT_CONVERSION = YES;
				CLANG_WARN_DEPRECATED_OBJC_IMPLEMENTATIONS = YES;
				CLANG_WARN_DIRECT_OBJC_ISA_USAGE = YES_ERROR;
				CLANG_WARN_DOCUMENTATION_COMMENTS = YES;
				CLANG_WARN_EMPTY_BODY = YES;
				CLANG_WARN_ENUM_CONVERSION = YES;
				CLANG_WARN_INFINITE_RECURSION = YES;
				CLANG_WARN_INT_CONVERSION = YES;
				CLANG_WARN_NON_LITERAL_NULL_CONVERSION = YES;
				CLANG_WARN_OBJC_IMPLICIT_RETAIN_SELF = YES;
				CLANG_WARN_OBJC_LITERAL_CONVERSION = YES;
				CLANG_WARN_OBJC_ROOT_CLASS = YES_ERROR;
				CLANG_WARN_QUOTED_INCLUDE_IN_FRAMEWORK_HEADER = YES;
				CLANG_WARN_RANGE_LOOP_ANALYSIS = YES;
				CLANG_WARN_STRICT_PROTOTYPES = YES;
				CLANG_WARN_SUSPICIOUS_MOVE = YES;
				CLANG_WARN_UNGUARDED_AVAILABILITY = YES_AGGRESSIVE;
				CLANG_WARN_UNREACHABLE_CODE = YES;
				CLANG_WARN__DUPLICATE_METHOD_MATCH = YES;
				COPY_PHASE_STRIP = NO;
				DEBUG_INFORMATION_FORMAT = "dwarf-with-dsym";
				ENABLE_NS_ASSERTIONS = NO;
				ENABLE_STRICT_OBJC_MSGSEND = YES;
				ENABLE_USER_SCRIPT_SANDBOXING = YES;
				GCC_C_LANGUAGE_STANDARD = gnu17;
				GCC_NO_COMMON_BLOCKS = YES;
				GCC_WARN_64_TO_32_BIT_CONVERSION = YES;
				GCC_WARN_ABOUT_RETURN_TYPE = YES_ERROR;
				GCC_WARN_UNDECLARED_SELECTOR = YES;
				GCC_WARN_UNINITIALIZED_AUTOS = YES_AGGRESSIVE;
				GCC_WARN_UNUSED_FUNCTION = YES;
				GCC_WARN_UNUSED_VARIABLE = YES;
				IPHONEOS_DEPLOYMENT_TARGET = 17.5;
				LOCALIZATION_PREFERS_STRING_CATALOGS = YES;
				MTL_ENABLE_DEBUG_INFO = NO;
				MTL_FAST_MATH = YES;
				SDKROOT = iphoneos;
				SWIFT_COMPILATION_MODE = wholemodule;
				VALIDATE_PRODUCT = YES;
			};
			name = Release;
		};
		AE5450B12C44093200823F5E /* Debug */ = {
			isa = XCBuildConfiguration;
			buildSettings = {
				ASSETCATALOG_COMPILER_APPICON_NAME = AppIcon;
				ASSETCATALOG_COMPILER_GLOBAL_ACCENT_COLOR_NAME = AccentColor;
				CODE_SIGN_STYLE = Automatic;
				CURRENT_PROJECT_VERSION = 1;
				DEVELOPMENT_ASSET_PATHS = "\"PC Component Selector/Preview Content\"";
				DEVELOPMENT_TEAM = 3W67YYZ9EF;
				ENABLE_PREVIEWS = YES;
				GENERATE_INFOPLIST_FILE = YES;
				INFOPLIST_FILE = "PC-Component-Selector-Info.plist";
				INFOPLIST_KEY_UIApplicationSceneManifest_Generation = YES;
				INFOPLIST_KEY_UIApplicationSupportsIndirectInputEvents = YES;
				INFOPLIST_KEY_UILaunchScreen_Generation = YES;
				INFOPLIST_KEY_UISupportedInterfaceOrientations_iPad = "UIInterfaceOrientationPortrait UIInterfaceOrientationPortraitUpsideDown UIInterfaceOrientationLandscapeLeft UIInterfaceOrientationLandscapeRight";
				INFOPLIST_KEY_UISupportedInterfaceOrientations_iPhone = "UIInterfaceOrientationPortrait UIInterfaceOrientationLandscapeLeft UIInterfaceOrientationLandscapeRight";
				LD_RUNPATH_SEARCH_PATHS = (
					"$(inherited)",
					"@executable_path/Frameworks",
				);
				MARKETING_VERSION = 1.0;
				PRODUCT_BUNDLE_IDENTIFIER = "com.patersontech.PC-Component-Selector";
				PRODUCT_NAME = "$(TARGET_NAME)";
				SWIFT_EMIT_LOC_STRINGS = YES;
				SWIFT_VERSION = 5.0;
				TARGETED_DEVICE_FAMILY = "1,2";
			};
			name = Debug;
		};
		AE5450B22C44093200823F5E /* Release */ = {
			isa = XCBuildConfiguration;
			buildSettings = {
				ASSETCATALOG_COMPILER_APPICON_NAME = AppIcon;
				ASSETCATALOG_COMPILER_GLOBAL_ACCENT_COLOR_NAME = AccentColor;
				CODE_SIGN_STYLE = Automatic;
				CURRENT_PROJECT_VERSION = 1;
				DEVELOPMENT_ASSET_PATHS = "\"PC Component Selector/Preview Content\"";
				DEVELOPMENT_TEAM = 3W67YYZ9EF;
				ENABLE_PREVIEWS = YES;
				GENERATE_INFOPLIST_FILE = YES;
				INFOPLIST_FILE = "PC-Component-Selector-Info.plist";
				INFOPLIST_KEY_UIApplicationSceneManifest_Generation = YES;
				INFOPLIST_KEY_UIApplicationSupportsIndirectInputEvents = YES;
				INFOPLIST_KEY_UILaunchScreen_Generation = YES;
				INFOPLIST_KEY_UISupportedInterfaceOrientations_iPad = "UIInterfaceOrientationPortrait UIInterfaceOrientationPortraitUpsideDown UIInterfaceOrientationLandscapeLeft UIInterfaceOrientationLandscapeRight";
				INFOPLIST_KEY_UISupportedInterfaceOrientations_iPhone = "UIInterfaceOrientationPortrait UIInterfaceOrientationLandscapeLeft UIInterfaceOrientationLandscapeRight";
				LD_RUNPATH_SEARCH_PATHS = (
					"$(inherited)",
					"@executable_path/Frameworks",
				);
				MARKETING_VERSION = 1.0;
				PRODUCT_BUNDLE_IDENTIFIER = "com.patersontech.PC-Component-Selector";
				PRODUCT_NAME = "$(TARGET_NAME)";
				SWIFT_EMIT_LOC_STRINGS = YES;
				SWIFT_VERSION = 5.0;
				TARGETED_DEVICE_FAMILY = "1,2";
			};
			name = Release;
		};
/* End XCBuildConfiguration section */

/* Begin XCConfigurationList section */
		AE54509D2C44093000823F5E /* Build configuration list for PBXProject "PC Component Selector" */ = {
			isa = XCConfigurationList;
			buildConfigurations = (
				AE5450AE2C44093200823F5E /* Debug */,
				AE5450AF2C44093200823F5E /* Release */,
			);
			defaultConfigurationIsVisible = 0;
			defaultConfigurationName = Release;
		};
		AE5450B02C44093200823F5E /* Build configuration list for PBXNativeTarget "PC Component Selector" */ = {
			isa = XCConfigurationList;
			buildConfigurations = (
				AE5450B12C44093200823F5E /* Debug */,
				AE5450B22C44093200823F5E /* Release */,
			);
			defaultConfigurationIsVisible = 0;
			defaultConfigurationName = Release;
		};
/* End XCConfigurationList section */
	};
	rootObject = AE54509A2C44093000823F5E /* Project object */;
}
